// !$*UTF8*$!
{
	archiveVersion = 1;
	classes = {
	};
	objectVersion = 48;
	objects = {

/* Begin PBXBuildFile section */
		0A26F20E1FF0AAE7006135BD /* MBProgressHUD.framework in Frameworks */ = {isa = PBXBuildFile; fileRef = 0A26F20F1FF0AAE7006135BD /* MBProgressHUD.framework */; };
		0A2778DF200EF6D7002823A7 /* LLPayViewController.swift in Sources */ = {isa = PBXBuildFile; fileRef = 0A2778DD200EF6D7002823A7 /* LLPayViewController.swift */; };
		0A2778E0200EF6D7002823A7 /* LLPayViewController.xib in Resources */ = {isa = PBXBuildFile; fileRef = 0A2778DE200EF6D7002823A7 /* LLPayViewController.xib */; };
		0A82730D1FECC29F00C70AE1 /* LLViewController.swift in Sources */ = {isa = PBXBuildFile; fileRef = 0A82730B1FECC29F00C70AE1 /* LLViewController.swift */; };
		0A82730E1FECC29F00C70AE1 /* LLViewController.xib in Resources */ = {isa = PBXBuildFile; fileRef = 0A82730C1FECC29F00C70AE1 /* LLViewController.xib */; };
		0ABE70041FED0AE800F929C0 /* AFNetworking.framework in Frameworks */ = {isa = PBXBuildFile; fileRef = 0ABE70051FED0AE800F929C0 /* AFNetworking.framework */; };
		0ABE70061FED0B0400F929C0 /* SDWebImage.framework in Frameworks */ = {isa = PBXBuildFile; fileRef = 0ABE70071FED0B0400F929C0 /* SDWebImage.framework */; };
		0AE02D4A1FF37206002B9A1E /* YYKit.framework in Frameworks */ = {isa = PBXBuildFile; fileRef = 0AE02D4B1FF37206002B9A1E /* YYKit.framework */; };
		0AE02F431FF3B653002B9A1E /* LLWaterViewController.swift in Sources */ = {isa = PBXBuildFile; fileRef = 0AE02F411FF3B653002B9A1E /* LLWaterViewController.swift */; };
		0AE02F441FF3B653002B9A1E /* LLWaterViewController.xib in Resources */ = {isa = PBXBuildFile; fileRef = 0AE02F421FF3B653002B9A1E /* LLWaterViewController.xib */; };
		0AE02F471FF3B662002B9A1E /* LLEnergyViewController.swift in Sources */ = {isa = PBXBuildFile; fileRef = 0AE02F451FF3B662002B9A1E /* LLEnergyViewController.swift */; };
		0AE02F481FF3B662002B9A1E /* LLEnergyViewController.xib in Resources */ = {isa = PBXBuildFile; fileRef = 0AE02F461FF3B662002B9A1E /* LLEnergyViewController.xib */; };
		0AE02F4B1FF3B670002B9A1E /* LLGasViewController.swift in Sources */ = {isa = PBXBuildFile; fileRef = 0AE02F491FF3B670002B9A1E /* LLGasViewController.swift */; };
		0AE02F4C1FF3B670002B9A1E /* LLGasViewController.xib in Resources */ = {isa = PBXBuildFile; fileRef = 0AE02F4A1FF3B670002B9A1E /* LLGasViewController.xib */; };
		0AE02F501FF4838B002B9A1E /* LLRegisterViewController.swift in Sources */ = {isa = PBXBuildFile; fileRef = 0AE02F4E1FF4838B002B9A1E /* LLRegisterViewController.swift */; };
		0AE02F511FF4838B002B9A1E /* LLRegisterViewController.xib in Resources */ = {isa = PBXBuildFile; fileRef = 0AE02F4F1FF4838B002B9A1E /* LLRegisterViewController.xib */; };
		0AE02F561FF49AD8002B9A1E /* LLResetViewController.swift in Sources */ = {isa = PBXBuildFile; fileRef = 0AE02F541FF49AD8002B9A1E /* LLResetViewController.swift */; };
		0AE02F571FF49AD8002B9A1E /* LLResetViewController.xib in Resources */ = {isa = PBXBuildFile; fileRef = 0AE02F551FF49AD8002B9A1E /* LLResetViewController.xib */; };
		0AE077FE203BC62D00AC1996 /* LLTableViewController.swift in Sources */ = {isa = PBXBuildFile; fileRef = 0AE077FC203BC62D00AC1996 /* LLTableViewController.swift */; };
		0AE077FF203BC62D00AC1996 /* LLTableViewController.xib in Resources */ = {isa = PBXBuildFile; fileRef = 0AE077FD203BC62D00AC1996 /* LLTableViewController.xib */; };
		0AFB48BA1FEBE3DE00B48012 /* AppDelegate.swift in Sources */ = {isa = PBXBuildFile; fileRef = 0AFB48B91FEBE3DE00B48012 /* AppDelegate.swift */; };
		0AFB48BC1FEBE3DF00B48012 /* ViewController.swift in Sources */ = {isa = PBXBuildFile; fileRef = 0AFB48BB1FEBE3DF00B48012 /* ViewController.swift */; };
		0AFB48BF1FEBE3DF00B48012 /* Main.storyboard in Resources */ = {isa = PBXBuildFile; fileRef = 0AFB48BD1FEBE3DF00B48012 /* Main.storyboard */; };
		0AFB48C41FEBE3DF00B48012 /* LaunchScreen.storyboard in Resources */ = {isa = PBXBuildFile; fileRef = 0AFB48C21FEBE3DF00B48012 /* LaunchScreen.storyboard */; };
		0AFB48D61FEBE51C00B48012 /* LLMeasureViewController.swift in Sources */ = {isa = PBXBuildFile; fileRef = 0AFB48D31FEBE51C00B48012 /* LLMeasureViewController.swift */; };
		0AFB48D71FEBE51C00B48012 /* LLMeasureViewController.xib in Resources */ = {isa = PBXBuildFile; fileRef = 0AFB48D51FEBE51C00B48012 /* LLMeasureViewController.xib */; };
		0AFB48DA1FEBE55000B48012 /* LLFilesViewController.swift in Sources */ = {isa = PBXBuildFile; fileRef = 0AFB48D81FEBE55000B48012 /* LLFilesViewController.swift */; };
		0AFB48DB1FEBE55000B48012 /* LLFilesViewController.xib in Resources */ = {isa = PBXBuildFile; fileRef = 0AFB48D91FEBE55000B48012 /* LLFilesViewController.xib */; };
		0AFB48DE1FEBE57400B48012 /* LLEquipmentViewController.swift in Sources */ = {isa = PBXBuildFile; fileRef = 0AFB48DC1FEBE57400B48012 /* LLEquipmentViewController.swift */; };
		0AFB48DF1FEBE57400B48012 /* LLEquipmentViewController.xib in Resources */ = {isa = PBXBuildFile; fileRef = 0AFB48DD1FEBE57400B48012 /* LLEquipmentViewController.xib */; };
		0AFB48E21FEBE5AB00B48012 /* LLCustomerServiceViewController.swift in Sources */ = {isa = PBXBuildFile; fileRef = 0AFB48E01FEBE5AB00B48012 /* LLCustomerServiceViewController.swift */; };
		0AFB48E31FEBE5AB00B48012 /* LLCustomerServiceViewController.xib in Resources */ = {isa = PBXBuildFile; fileRef = 0AFB48E11FEBE5AB00B48012 /* LLCustomerServiceViewController.xib */; };
		0AFB48E61FEBE5E100B48012 /* LLUserViewController.swift in Sources */ = {isa = PBXBuildFile; fileRef = 0AFB48E41FEBE5E100B48012 /* LLUserViewController.swift */; };
		0AFB48E71FEBE5E100B48012 /* LLUserViewController.xib in Resources */ = {isa = PBXBuildFile; fileRef = 0AFB48E51FEBE5E100B48012 /* LLUserViewController.xib */; };
		0AFB48EA1FEBE60400B48012 /* LLIdeaViewController.swift in Sources */ = {isa = PBXBuildFile; fileRef = 0AFB48E81FEBE60400B48012 /* LLIdeaViewController.swift */; };
		0AFB48EB1FEBE60400B48012 /* LLIdeaViewController.xib in Resources */ = {isa = PBXBuildFile; fileRef = 0AFB48E91FEBE60400B48012 /* LLIdeaViewController.xib */; };
		0AFB48EE1FEC98C800B48012 /* LLRootViewController.swift in Sources */ = {isa = PBXBuildFile; fileRef = 0AFB48EC1FEC98C800B48012 /* LLRootViewController.swift */; };
		0AFB48EF1FEC98C800B48012 /* LLRootViewController.xib in Resources */ = {isa = PBXBuildFile; fileRef = 0AFB48ED1FEC98C800B48012 /* LLRootViewController.xib */; };
		0AFB48F21FECA7BC00B48012 /* LLLoginViewController.swift in Sources */ = {isa = PBXBuildFile; fileRef = 0AFB48F01FECA7BC00B48012 /* LLLoginViewController.swift */; };
		0AFB48F31FECA7BC00B48012 /* LLLoginViewController.xib in Resources */ = {isa = PBXBuildFile; fileRef = 0AFB48F11FECA7BC00B48012 /* LLLoginViewController.xib */; };
		0AFB48F51FECA8D600B48012 /* Assets.xcassets in Resources */ = {isa = PBXBuildFile; fileRef = 0AFB48F41FECA8D600B48012 /* Assets.xcassets */; };
		7731EA85208B058200E9BB60 /* publicCell.swift in Sources */ = {isa = PBXBuildFile; fileRef = 7731EA83208B058200E9BB60 /* publicCell.swift */; };
		7731EA86208B058200E9BB60 /* publicCell.xib in Resources */ = {isa = PBXBuildFile; fileRef = 7731EA84208B058200E9BB60 /* publicCell.xib */; };
		7731EA8B208B0ED800E9BB60 /* publicModel.swift in Sources */ = {isa = PBXBuildFile; fileRef = 7731EA8A208B0ED800E9BB60 /* publicModel.swift */; };
		7731EA8E208B11A900E9BB60 /* propertyViewController.swift in Sources */ = {isa = PBXBuildFile; fileRef = 7731EA8C208B11A900E9BB60 /* propertyViewController.swift */; };
		7731EA8F208B11A900E9BB60 /* propertyViewController.xib in Resources */ = {isa = PBXBuildFile; fileRef = 7731EA8D208B11A900E9BB60 /* propertyViewController.xib */; };
		7731EA92208B12F600E9BB60 /* proprietorViewController.swift in Sources */ = {isa = PBXBuildFile; fileRef = 7731EA90208B12F600E9BB60 /* proprietorViewController.swift */; };
		7731EA93208B12F600E9BB60 /* proprietorViewController.xib in Resources */ = {isa = PBXBuildFile; fileRef = 7731EA91208B12F600E9BB60 /* proprietorViewController.xib */; };
		7731EA98208B15C100E9BB60 /* suggestViewController.swift in Sources */ = {isa = PBXBuildFile; fileRef = 7731EA96208B15C100E9BB60 /* suggestViewController.swift */; };
		7731EA99208B15C100E9BB60 /* suggestViewController.xib in Resources */ = {isa = PBXBuildFile; fileRef = 7731EA97208B15C100E9BB60 /* suggestViewController.xib */; };
		7731EA9C208B15EA00E9BB60 /* complaint ViewController.swift in Sources */ = {isa = PBXBuildFile; fileRef = 7731EA9A208B15EA00E9BB60 /* complaint ViewController.swift */; };
		7731EA9D208B15EA00E9BB60 /* complaint ViewController.xib in Resources */ = {isa = PBXBuildFile; fileRef = 7731EA9B208B15EA00E9BB60 /* complaint ViewController.xib */; };
		7731EAA2208B570800E9BB60 /* filesCellTableViewCell.swift in Sources */ = {isa = PBXBuildFile; fileRef = 7731EAA0208B570800E9BB60 /* filesCellTableViewCell.swift */; };
		7731EAA3208B570800E9BB60 /* filesCellTableViewCell.xib in Resources */ = {isa = PBXBuildFile; fileRef = 7731EAA1208B570800E9BB60 /* filesCellTableViewCell.xib */; };
		7731EAA6208B5AE900E9BB60 /* propertyCell.swift in Sources */ = {isa = PBXBuildFile; fileRef = 7731EAA4208B5AE900E9BB60 /* propertyCell.swift */; };
		7731EAA7208B5AE900E9BB60 /* propertyCell.xib in Resources */ = {isa = PBXBuildFile; fileRef = 7731EAA5208B5AE900E9BB60 /* propertyCell.xib */; };
		B97A1DE2D7A678E35FB7DD92 /* Pods_LLAPP.framework in Frameworks */ = {isa = PBXBuildFile; fileRef = 50AC26764A74E9CAD61E030D /* Pods_LLAPP.framework */; };
/* End PBXBuildFile section */

/* Begin PBXFileReference section */
		0A26F20F1FF0AAE7006135BD /* MBProgressHUD.framework */ = {isa = PBXFileReference; explicitFileType = wrapper.framework; path = MBProgressHUD.framework; sourceTree = BUILT_PRODUCTS_DIR; };
		0A2778DD200EF6D7002823A7 /* LLPayViewController.swift */ = {isa = PBXFileReference; lastKnownFileType = sourcecode.swift; path = LLPayViewController.swift; sourceTree = "<group>"; };
		0A2778DE200EF6D7002823A7 /* LLPayViewController.xib */ = {isa = PBXFileReference; lastKnownFileType = file.xib; path = LLPayViewController.xib; sourceTree = "<group>"; };
		0A82730B1FECC29F00C70AE1 /* LLViewController.swift */ = {isa = PBXFileReference; lastKnownFileType = sourcecode.swift; path = LLViewController.swift; sourceTree = "<group>"; };
		0A82730C1FECC29F00C70AE1 /* LLViewController.xib */ = {isa = PBXFileReference; lastKnownFileType = file.xib; path = LLViewController.xib; sourceTree = "<group>"; };
		0ABE70051FED0AE800F929C0 /* AFNetworking.framework */ = {isa = PBXFileReference; explicitFileType = wrapper.framework; path = AFNetworking.framework; sourceTree = BUILT_PRODUCTS_DIR; };
		0ABE70071FED0B0400F929C0 /* SDWebImage.framework */ = {isa = PBXFileReference; explicitFileType = wrapper.framework; path = SDWebImage.framework; sourceTree = BUILT_PRODUCTS_DIR; };
		0AE02D4B1FF37206002B9A1E /* YYKit.framework */ = {isa = PBXFileReference; explicitFileType = wrapper.framework; path = YYKit.framework; sourceTree = BUILT_PRODUCTS_DIR; };
		0AE02F411FF3B653002B9A1E /* LLWaterViewController.swift */ = {isa = PBXFileReference; lastKnownFileType = sourcecode.swift; path = LLWaterViewController.swift; sourceTree = "<group>"; };
		0AE02F421FF3B653002B9A1E /* LLWaterViewController.xib */ = {isa = PBXFileReference; lastKnownFileType = file.xib; path = LLWaterViewController.xib; sourceTree = "<group>"; };
		0AE02F451FF3B662002B9A1E /* LLEnergyViewController.swift */ = {isa = PBXFileReference; lastKnownFileType = sourcecode.swift; path = LLEnergyViewController.swift; sourceTree = "<group>"; };
		0AE02F461FF3B662002B9A1E /* LLEnergyViewController.xib */ = {isa = PBXFileReference; lastKnownFileType = file.xib; path = LLEnergyViewController.xib; sourceTree = "<group>"; };
		0AE02F491FF3B670002B9A1E /* LLGasViewController.swift */ = {isa = PBXFileReference; lastKnownFileType = sourcecode.swift; path = LLGasViewController.swift; sourceTree = "<group>"; };
		0AE02F4A1FF3B670002B9A1E /* LLGasViewController.xib */ = {isa = PBXFileReference; lastKnownFileType = file.xib; path = LLGasViewController.xib; sourceTree = "<group>"; };
		0AE02F4E1FF4838B002B9A1E /* LLRegisterViewController.swift */ = {isa = PBXFileReference; lastKnownFileType = sourcecode.swift; path = LLRegisterViewController.swift; sourceTree = "<group>"; };
		0AE02F4F1FF4838B002B9A1E /* LLRegisterViewController.xib */ = {isa = PBXFileReference; lastKnownFileType = file.xib; path = LLRegisterViewController.xib; sourceTree = "<group>"; };
		0AE02F541FF49AD8002B9A1E /* LLResetViewController.swift */ = {isa = PBXFileReference; lastKnownFileType = sourcecode.swift; path = LLResetViewController.swift; sourceTree = "<group>"; };
		0AE02F551FF49AD8002B9A1E /* LLResetViewController.xib */ = {isa = PBXFileReference; lastKnownFileType = file.xib; path = LLResetViewController.xib; sourceTree = "<group>"; };
		0AE077FC203BC62D00AC1996 /* LLTableViewController.swift */ = {isa = PBXFileReference; lastKnownFileType = sourcecode.swift; path = LLTableViewController.swift; sourceTree = "<group>"; };
		0AE077FD203BC62D00AC1996 /* LLTableViewController.xib */ = {isa = PBXFileReference; lastKnownFileType = file.xib; path = LLTableViewController.xib; sourceTree = "<group>"; };
		0AFB48B61FEBE3DE00B48012 /* LLAPP.app */ = {isa = PBXFileReference; explicitFileType = wrapper.application; includeInIndex = 0; path = LLAPP.app; sourceTree = BUILT_PRODUCTS_DIR; };
		0AFB48B91FEBE3DE00B48012 /* AppDelegate.swift */ = {isa = PBXFileReference; lastKnownFileType = sourcecode.swift; path = AppDelegate.swift; sourceTree = "<group>"; };
		0AFB48BB1FEBE3DF00B48012 /* ViewController.swift */ = {isa = PBXFileReference; lastKnownFileType = sourcecode.swift; path = ViewController.swift; sourceTree = "<group>"; };
		0AFB48BE1FEBE3DF00B48012 /* Base */ = {isa = PBXFileReference; lastKnownFileType = file.storyboard; name = Base; path = Base.lproj/Main.storyboard; sourceTree = "<group>"; };
		0AFB48C31FEBE3DF00B48012 /* Base */ = {isa = PBXFileReference; lastKnownFileType = file.storyboard; name = Base; path = Base.lproj/LaunchScreen.storyboard; sourceTree = "<group>"; };
		0AFB48C51FEBE3DF00B48012 /* Info.plist */ = {isa = PBXFileReference; lastKnownFileType = text.plist.xml; path = Info.plist; sourceTree = "<group>"; };
		0AFB48D31FEBE51C00B48012 /* LLMeasureViewController.swift */ = {isa = PBXFileReference; fileEncoding = 4; lastKnownFileType = sourcecode.swift; path = LLMeasureViewController.swift; sourceTree = "<group>"; };
		0AFB48D51FEBE51C00B48012 /* LLMeasureViewController.xib */ = {isa = PBXFileReference; fileEncoding = 4; lastKnownFileType = file.xib; path = LLMeasureViewController.xib; sourceTree = "<group>"; };
		0AFB48D81FEBE55000B48012 /* LLFilesViewController.swift */ = {isa = PBXFileReference; lastKnownFileType = sourcecode.swift; path = LLFilesViewController.swift; sourceTree = "<group>"; };
		0AFB48D91FEBE55000B48012 /* LLFilesViewController.xib */ = {isa = PBXFileReference; lastKnownFileType = file.xib; path = LLFilesViewController.xib; sourceTree = "<group>"; };
		0AFB48DC1FEBE57400B48012 /* LLEquipmentViewController.swift */ = {isa = PBXFileReference; lastKnownFileType = sourcecode.swift; path = LLEquipmentViewController.swift; sourceTree = "<group>"; };
		0AFB48DD1FEBE57400B48012 /* LLEquipmentViewController.xib */ = {isa = PBXFileReference; lastKnownFileType = file.xib; path = LLEquipmentViewController.xib; sourceTree = "<group>"; };
		0AFB48E01FEBE5AB00B48012 /* LLCustomerServiceViewController.swift */ = {isa = PBXFileReference; lastKnownFileType = sourcecode.swift; path = LLCustomerServiceViewController.swift; sourceTree = "<group>"; };
		0AFB48E11FEBE5AB00B48012 /* LLCustomerServiceViewController.xib */ = {isa = PBXFileReference; lastKnownFileType = file.xib; path = LLCustomerServiceViewController.xib; sourceTree = "<group>"; };
		0AFB48E41FEBE5E100B48012 /* LLUserViewController.swift */ = {isa = PBXFileReference; lastKnownFileType = sourcecode.swift; path = LLUserViewController.swift; sourceTree = "<group>"; };
		0AFB48E51FEBE5E100B48012 /* LLUserViewController.xib */ = {isa = PBXFileReference; lastKnownFileType = file.xib; path = LLUserViewController.xib; sourceTree = "<group>"; };
		0AFB48E81FEBE60400B48012 /* LLIdeaViewController.swift */ = {isa = PBXFileReference; lastKnownFileType = sourcecode.swift; path = LLIdeaViewController.swift; sourceTree = "<group>"; };
		0AFB48E91FEBE60400B48012 /* LLIdeaViewController.xib */ = {isa = PBXFileReference; lastKnownFileType = file.xib; path = LLIdeaViewController.xib; sourceTree = "<group>"; };
		0AFB48EC1FEC98C800B48012 /* LLRootViewController.swift */ = {isa = PBXFileReference; lastKnownFileType = sourcecode.swift; path = LLRootViewController.swift; sourceTree = "<group>"; };
		0AFB48ED1FEC98C800B48012 /* LLRootViewController.xib */ = {isa = PBXFileReference; lastKnownFileType = file.xib; path = LLRootViewController.xib; sourceTree = "<group>"; };
		0AFB48F01FECA7BC00B48012 /* LLLoginViewController.swift */ = {isa = PBXFileReference; lastKnownFileType = sourcecode.swift; path = LLLoginViewController.swift; sourceTree = "<group>"; };
		0AFB48F11FECA7BC00B48012 /* LLLoginViewController.xib */ = {isa = PBXFileReference; lastKnownFileType = file.xib; path = LLLoginViewController.xib; sourceTree = "<group>"; };
		0AFB48F41FECA8D600B48012 /* Assets.xcassets */ = {isa = PBXFileReference; lastKnownFileType = folder.assetcatalog; path = Assets.xcassets; sourceTree = "<group>"; };
		50AC26764A74E9CAD61E030D /* Pods_LLAPP.framework */ = {isa = PBXFileReference; explicitFileType = wrapper.framework; includeInIndex = 0; path = Pods_LLAPP.framework; sourceTree = BUILT_PRODUCTS_DIR; };
		7731EA83208B058200E9BB60 /* publicCell.swift */ = {isa = PBXFileReference; lastKnownFileType = sourcecode.swift; path = publicCell.swift; sourceTree = "<group>"; };
		7731EA84208B058200E9BB60 /* publicCell.xib */ = {isa = PBXFileReference; lastKnownFileType = file.xib; path = publicCell.xib; sourceTree = "<group>"; };
		7731EA8A208B0ED800E9BB60 /* publicModel.swift */ = {isa = PBXFileReference; lastKnownFileType = sourcecode.swift; path = publicModel.swift; sourceTree = "<group>"; };
		7731EA8C208B11A900E9BB60 /* propertyViewController.swift */ = {isa = PBXFileReference; lastKnownFileType = sourcecode.swift; path = propertyViewController.swift; sourceTree = "<group>"; };
		7731EA8D208B11A900E9BB60 /* propertyViewController.xib */ = {isa = PBXFileReference; lastKnownFileType = file.xib; path = propertyViewController.xib; sourceTree = "<group>"; };
		7731EA90208B12F600E9BB60 /* proprietorViewController.swift */ = {isa = PBXFileReference; lastKnownFileType = sourcecode.swift; path = proprietorViewController.swift; sourceTree = "<group>"; };
		7731EA91208B12F600E9BB60 /* proprietorViewController.xib */ = {isa = PBXFileReference; lastKnownFileType = file.xib; path = proprietorViewController.xib; sourceTree = "<group>"; };
		7731EA96208B15C100E9BB60 /* suggestViewController.swift */ = {isa = PBXFileReference; lastKnownFileType = sourcecode.swift; path = suggestViewController.swift; sourceTree = "<group>"; };
		7731EA97208B15C100E9BB60 /* suggestViewController.xib */ = {isa = PBXFileReference; lastKnownFileType = file.xib; path = suggestViewController.xib; sourceTree = "<group>"; };
		7731EA9A208B15EA00E9BB60 /* complaint ViewController.swift */ = {isa = PBXFileReference; lastKnownFileType = sourcecode.swift; path = "complaint ViewController.swift"; sourceTree = "<group>"; };
		7731EA9B208B15EA00E9BB60 /* complaint ViewController.xib */ = {isa = PBXFileReference; lastKnownFileType = file.xib; path = "complaint ViewController.xib"; sourceTree = "<group>"; };
		7731EAA0208B570800E9BB60 /* filesCellTableViewCell.swift */ = {isa = PBXFileReference; lastKnownFileType = sourcecode.swift; path = filesCellTableViewCell.swift; sourceTree = "<group>"; };
		7731EAA1208B570800E9BB60 /* filesCellTableViewCell.xib */ = {isa = PBXFileReference; lastKnownFileType = file.xib; path = filesCellTableViewCell.xib; sourceTree = "<group>"; };
		7731EAA4208B5AE900E9BB60 /* propertyCell.swift */ = {isa = PBXFileReference; lastKnownFileType = sourcecode.swift; path = propertyCell.swift; sourceTree = "<group>"; };
		7731EAA5208B5AE900E9BB60 /* propertyCell.xib */ = {isa = PBXFileReference; lastKnownFileType = file.xib; path = propertyCell.xib; sourceTree = "<group>"; };
		9EE3386BF31C7888A26CF342 /* Pods-LLAPP.release.xcconfig */ = {isa = PBXFileReference; includeInIndex = 1; lastKnownFileType = text.xcconfig; name = "Pods-LLAPP.release.xcconfig"; path = "Pods/Target Support Files/Pods-LLAPP/Pods-LLAPP.release.xcconfig"; sourceTree = "<group>"; };
		A7E460BEBA23416222729BDB /* Pods-LLAPP.debug.xcconfig */ = {isa = PBXFileReference; includeInIndex = 1; lastKnownFileType = text.xcconfig; name = "Pods-LLAPP.debug.xcconfig"; path = "Pods/Target Support Files/Pods-LLAPP/Pods-LLAPP.debug.xcconfig"; sourceTree = "<group>"; };
/* End PBXFileReference section */

/* Begin PBXFrameworksBuildPhase section */
		0AFB48B31FEBE3DE00B48012 /* Frameworks */ = {
			isa = PBXFrameworksBuildPhase;
			buildActionMask = 2147483647;
			files = (
				0AE02D4A1FF37206002B9A1E /* YYKit.framework in Frameworks */,
				0A26F20E1FF0AAE7006135BD /* MBProgressHUD.framework in Frameworks */,
				0ABE70061FED0B0400F929C0 /* SDWebImage.framework in Frameworks */,
				0ABE70041FED0AE800F929C0 /* AFNetworking.framework in Frameworks */,
				B97A1DE2D7A678E35FB7DD92 /* Pods_LLAPP.framework in Frameworks */,
			);
			runOnlyForDeploymentPostprocessing = 0;
		};
/* End PBXFrameworksBuildPhase section */

/* Begin PBXGroup section */
		0A2778D1200EF3C3002823A7 /* 系统设置 */ = {
			isa = PBXGroup;
			children = (
				0A2778D9200EF574002823A7 /* 修改密码 */,
				0A2778D7200EF542002823A7 /* 用户注册 */,
			);
			path = "系统设置";
			sourceTree = "<group>";
		};
		0A2778D2200EF4E0002823A7 /* 档案管理 */ = {
			isa = PBXGroup;
			children = (
				7731EA88208B0C7D00E9BB60 /* 房产信息 */,
				7731EA87208B0C7300E9BB60 /* 业主信息 */,
				0AFB48D81FEBE55000B48012 /* LLFilesViewController.swift */,
				0AFB48D91FEBE55000B48012 /* LLFilesViewController.xib */,
			);
			path = "档案管理";
			sourceTree = "<group>";
		};
		0A2778D3200EF4F1002823A7 /* 物业设备管理 */ = {
			isa = PBXGroup;
			children = (
				0AFB48DC1FEBE57400B48012 /* LLEquipmentViewController.swift */,
				0AFB48DD1FEBE57400B48012 /* LLEquipmentViewController.xib */,
			);
			path = "物业设备管理";
			sourceTree = "<group>";
		};
		0A2778D4200EF4FF002823A7 /* 客服中心 */ = {
			isa = PBXGroup;
			children = (
				0AFB48E01FEBE5AB00B48012 /* LLCustomerServiceViewController.swift */,
				0AFB48E11FEBE5AB00B48012 /* LLCustomerServiceViewController.xib */,
			);
			path = "客服中心";
			sourceTree = "<group>";
		};
		0A2778D5200EF507002823A7 /* 用户缴费 */ = {
			isa = PBXGroup;
			children = (
				0A2778DD200EF6D7002823A7 /* LLPayViewController.swift */,
				0A2778DE200EF6D7002823A7 /* LLPayViewController.xib */,
			);
			path = "用户缴费";
			sourceTree = "<group>";
		};
		0A2778D6200EF513002823A7 /* 意见反馈 */ = {
			isa = PBXGroup;
			children = (
				7731EA94208B156B00E9BB60 /* 客户留言 */,
				7731EA95208B158800E9BB60 /* 业主投诉 */,
				0AFB48E81FEBE60400B48012 /* LLIdeaViewController.swift */,
				0AFB48E91FEBE60400B48012 /* LLIdeaViewController.xib */,
			);
			path = "意见反馈";
			sourceTree = "<group>";
		};
		0A2778D7200EF542002823A7 /* 用户注册 */ = {
			isa = PBXGroup;
			children = (
				0AE02F4F1FF4838B002B9A1E /* LLRegisterViewController.xib */,
				0AE02F4E1FF4838B002B9A1E /* LLRegisterViewController.swift */,
			);
			path = "用户注册";
			sourceTree = "<group>";
		};
		0A2778D9200EF574002823A7 /* 修改密码 */ = {
			isa = PBXGroup;
			children = (
				0AE02F541FF49AD8002B9A1E /* LLResetViewController.swift */,
				0AE02F551FF49AD8002B9A1E /* LLResetViewController.xib */,
			);
			path = "修改密码";
			sourceTree = "<group>";
		};
		0A2778DA200EF5FB002823A7 /* 水表计量 */ = {
			isa = PBXGroup;
			children = (
				0AE02F411FF3B653002B9A1E /* LLWaterViewController.swift */,
				0AE02F421FF3B653002B9A1E /* LLWaterViewController.xib */,
			);
			path = "水表计量";
			sourceTree = "<group>";
		};
		0A2778DB200EF612002823A7 /* 电表计量 */ = {
			isa = PBXGroup;
			children = (
				0AE02F451FF3B662002B9A1E /* LLEnergyViewController.swift */,
				0AE02F461FF3B662002B9A1E /* LLEnergyViewController.xib */,
			);
			path = "电表计量";
			sourceTree = "<group>";
		};
		0A2778DC200EF635002823A7 /* 天然气计量 */ = {
			isa = PBXGroup;
			children = (
				0AE02F491FF3B670002B9A1E /* LLGasViewController.swift */,
				0AE02F4A1FF3B670002B9A1E /* LLGasViewController.xib */,
			);
			path = "天然气计量";
			sourceTree = "<group>";
		};
		0ABB0D79204CF45A00F78E8E /* public */ = {
			isa = PBXGroup;
			children = (
				0AFB48B91FEBE3DE00B48012 /* AppDelegate.swift */,
				0AFB48BB1FEBE3DF00B48012 /* ViewController.swift */,
				0AFB48F41FECA8D600B48012 /* Assets.xcassets */,
				0AFB48BD1FEBE3DF00B48012 /* Main.storyboard */,
				0AFB48C21FEBE3DF00B48012 /* LaunchScreen.storyboard */,
			);
			path = public;
			sourceTree = "<group>";
		};
		0AE02F4D1FF3B732002B9A1E /* 计量管理 */ = {
			isa = PBXGroup;
			children = (
				7731EA89208B0EA600E9BB60 /* publicMOdel */,
				7731EA82208B054F00E9BB60 /* publicCell */,
				0AFB48D31FEBE51C00B48012 /* LLMeasureViewController.swift */,
				0AFB48D51FEBE51C00B48012 /* LLMeasureViewController.xib */,
				0A2778DC200EF635002823A7 /* 天然气计量 */,
				0A2778DB200EF612002823A7 /* 电表计量 */,
				0A2778DA200EF5FB002823A7 /* 水表计量 */,
			);
			path = "计量管理";
			sourceTree = "<group>";
		};
		0AFB48AD1FEBE3DE00B48012 = {
			isa = PBXGroup;
			children = (
				0AFB48B81FEBE3DE00B48012 /* LLAPP */,
				0AFB48B71FEBE3DE00B48012 /* Products */,
				209623AF157E5DD51DA9C2BC /* Pods */,
				CC0DB1430282CB37F9B27146 /* Frameworks */,
			);
			sourceTree = "<group>";
		};
		0AFB48B71FEBE3DE00B48012 /* Products */ = {
			isa = PBXGroup;
			children = (
				0AFB48B61FEBE3DE00B48012 /* LLAPP.app */,
			);
			name = Products;
			sourceTree = "<group>";
		};
		0AFB48B81FEBE3DE00B48012 /* LLAPP */ = {
			isa = PBXGroup;
			children = (
				0AFB48C51FEBE3DF00B48012 /* Info.plist */,
				0ABB0D79204CF45A00F78E8E /* public */,
				0AFB48F61FECAA5100B48012 /* Source */,
				0AFB48CB1FEBE44700B48012 /* Controller */,
			);
			path = LLAPP;
			sourceTree = "<group>";
		};
		0AFB48CB1FEBE44700B48012 /* Controller */ = {
			isa = PBXGroup;
			children = (
				0A2778D6200EF513002823A7 /* 意见反馈 */,
				0A2778D5200EF507002823A7 /* 用户缴费 */,
				0A2778D4200EF4FF002823A7 /* 客服中心 */,
				0A2778D3200EF4F1002823A7 /* 物业设备管理 */,
				0A2778D2200EF4E0002823A7 /* 档案管理 */,
				0A2778D1200EF3C3002823A7 /* 系统设置 */,
				0AE02F4D1FF3B732002B9A1E /* 计量管理 */,
				0AFB48D21FEBE51C00B48012 /* controller */,
				0AFB48D41FEBE51C00B48012 /* xib */,
			);
			path = Controller;
			sourceTree = "<group>";
		};
		0AFB48D21FEBE51C00B48012 /* controller */ = {
			isa = PBXGroup;
			children = (
				0AFB48E41FEBE5E100B48012 /* LLUserViewController.swift */,
				0AFB48EC1FEC98C800B48012 /* LLRootViewController.swift */,
				0AFB48F01FECA7BC00B48012 /* LLLoginViewController.swift */,
				0A82730B1FECC29F00C70AE1 /* LLViewController.swift */,
				0AE077FC203BC62D00AC1996 /* LLTableViewController.swift */,
			);
			path = controller;
			sourceTree = "<group>";
		};
		0AFB48D41FEBE51C00B48012 /* xib */ = {
			isa = PBXGroup;
			children = (
				0AFB48F11FECA7BC00B48012 /* LLLoginViewController.xib */,
				0AE077FD203BC62D00AC1996 /* LLTableViewController.xib */,
				0A82730C1FECC29F00C70AE1 /* LLViewController.xib */,
				0AFB48ED1FEC98C800B48012 /* LLRootViewController.xib */,
				0AFB48E51FEBE5E100B48012 /* LLUserViewController.xib */,
			);
			path = xib;
			sourceTree = "<group>";
		};
		0AFB48F61FECAA5100B48012 /* Source */ = {
			isa = PBXGroup;
			children = (
			);
			name = Source;
			sourceTree = "<group>";
		};
		209623AF157E5DD51DA9C2BC /* Pods */ = {
			isa = PBXGroup;
			children = (
				A7E460BEBA23416222729BDB /* Pods-LLAPP.debug.xcconfig */,
				9EE3386BF31C7888A26CF342 /* Pods-LLAPP.release.xcconfig */,
			);
			name = Pods;
			sourceTree = "<group>";
		};
		7731EA82208B054F00E9BB60 /* publicCell */ = {
			isa = PBXGroup;
			children = (
				7731EA83208B058200E9BB60 /* publicCell.swift */,
				7731EA84208B058200E9BB60 /* publicCell.xib */,
			);
			path = publicCell;
			sourceTree = "<group>";
		};
		7731EA87208B0C7300E9BB60 /* 业主信息 */ = {
			isa = PBXGroup;
			children = (
				7731EA90208B12F600E9BB60 /* proprietorViewController.swift */,
				7731EA91208B12F600E9BB60 /* proprietorViewController.xib */,
				7731EAA0208B570800E9BB60 /* filesCellTableViewCell.swift */,
				7731EAA1208B570800E9BB60 /* filesCellTableViewCell.xib */,
			);
			path = "业主信息";
			sourceTree = "<group>";
		};
		7731EA88208B0C7D00E9BB60 /* 房产信息 */ = {
			isa = PBXGroup;
			children = (
				7731EA8C208B11A900E9BB60 /* propertyViewController.swift */,
				7731EA8D208B11A900E9BB60 /* propertyViewController.xib */,
				7731EAA4208B5AE900E9BB60 /* propertyCell.swift */,
				7731EAA5208B5AE900E9BB60 /* propertyCell.xib */,
			);
			path = "房产信息";
			sourceTree = "<group>";
		};
		7731EA89208B0EA600E9BB60 /* publicMOdel */ = {
			isa = PBXGroup;
			children = (
				7731EA8A208B0ED800E9BB60 /* publicModel.swift */,
			);
			path = publicMOdel;
			sourceTree = "<group>";
		};
		7731EA94208B156B00E9BB60 /* 客户留言 */ = {
			isa = PBXGroup;
			children = (
				7731EA96208B15C100E9BB60 /* suggestViewController.swift */,
				7731EA97208B15C100E9BB60 /* suggestViewController.xib */,
			);
			path = "客户留言";
			sourceTree = "<group>";
		};
		7731EA95208B158800E9BB60 /* 业主投诉 */ = {
			isa = PBXGroup;
			children = (
				7731EA9A208B15EA00E9BB60 /* complaint ViewController.swift */,
				7731EA9B208B15EA00E9BB60 /* complaint ViewController.xib */,
			);
			path = "业主投诉";
			sourceTree = "<group>";
		};
		CC0DB1430282CB37F9B27146 /* Frameworks */ = {
			isa = PBXGroup;
			children = (
				0AE02D4B1FF37206002B9A1E /* YYKit.framework */,
				0A26F20F1FF0AAE7006135BD /* MBProgressHUD.framework */,
				0ABE70071FED0B0400F929C0 /* SDWebImage.framework */,
				0ABE70051FED0AE800F929C0 /* AFNetworking.framework */,
				50AC26764A74E9CAD61E030D /* Pods_LLAPP.framework */,
			);
			name = Frameworks;
			sourceTree = "<group>";
		};
/* End PBXGroup section */

/* Begin PBXNativeTarget section */
		0AFB48B51FEBE3DE00B48012 /* LLAPP */ = {
			isa = PBXNativeTarget;
			buildConfigurationList = 0AFB48C81FEBE3DF00B48012 /* Build configuration list for PBXNativeTarget "LLAPP" */;
			buildPhases = (
				BFC05E4D96CCE8371447BEF0 /* [CP] Check Pods Manifest.lock */,
				0AFB48B21FEBE3DE00B48012 /* Sources */,
				0AFB48B31FEBE3DE00B48012 /* Frameworks */,
				0AFB48B41FEBE3DE00B48012 /* Resources */,
				39C0EB94121FF664C6910B40 /* [CP] Embed Pods Frameworks */,
				16D1CD54A6A9F3C6EBC8C8BD /* [CP] Copy Pods Resources */,
			);
			buildRules = (
			);
			dependencies = (
			);
			name = LLAPP;
			productName = LLAPP;
			productReference = 0AFB48B61FEBE3DE00B48012 /* LLAPP.app */;
			productType = "com.apple.product-type.application";
		};
/* End PBXNativeTarget section */

/* Begin PBXProject section */
		0AFB48AE1FEBE3DE00B48012 /* Project object */ = {
			isa = PBXProject;
			attributes = {
				LastSwiftUpdateCheck = 0920;
				LastUpgradeCheck = 0920;
				ORGANIZATIONNAME = Ying;
				TargetAttributes = {
					0AFB48B51FEBE3DE00B48012 = {
						CreatedOnToolsVersion = 9.2;
						ProvisioningStyle = Automatic;
					};
				};
			};
			buildConfigurationList = 0AFB48B11FEBE3DE00B48012 /* Build configuration list for PBXProject "LLAPP" */;
			compatibilityVersion = "Xcode 8.0";
			developmentRegion = en;
			hasScannedForEncodings = 0;
			knownRegions = (
				en,
				Base,
			);
			mainGroup = 0AFB48AD1FEBE3DE00B48012;
			productRefGroup = 0AFB48B71FEBE3DE00B48012 /* Products */;
			projectDirPath = "";
			projectRoot = "";
			targets = (
				0AFB48B51FEBE3DE00B48012 /* LLAPP */,
			);
		};
/* End PBXProject section */

/* Begin PBXResourcesBuildPhase section */
		0AFB48B41FEBE3DE00B48012 /* Resources */ = {
			isa = PBXResourcesBuildPhase;
			buildActionMask = 2147483647;
			files = (
				7731EAA3208B570800E9BB60 /* filesCellTableViewCell.xib in Resources */,
				0AFB48C41FEBE3DF00B48012 /* LaunchScreen.storyboard in Resources */,
				0AE02F4C1FF3B670002B9A1E /* LLGasViewController.xib in Resources */,
				7731EA86208B058200E9BB60 /* publicCell.xib in Resources */,
				0AFB48DF1FEBE57400B48012 /* LLEquipmentViewController.xib in Resources */,
				0AFB48F51FECA8D600B48012 /* Assets.xcassets in Resources */,
				0A2778E0200EF6D7002823A7 /* LLPayViewController.xib in Resources */,
				0AFB48EB1FEBE60400B48012 /* LLIdeaViewController.xib in Resources */,
				0AE02F441FF3B653002B9A1E /* LLWaterViewController.xib in Resources */,
				7731EA93208B12F600E9BB60 /* proprietorViewController.xib in Resources */,
				0AFB48D71FEBE51C00B48012 /* LLMeasureViewController.xib in Resources */,
				0A82730E1FECC29F00C70AE1 /* LLViewController.xib in Resources */,
				0AE077FF203BC62D00AC1996 /* LLTableViewController.xib in Resources */,
				0AFB48BF1FEBE3DF00B48012 /* Main.storyboard in Resources */,
				0AFB48DB1FEBE55000B48012 /* LLFilesViewController.xib in Resources */,
				7731EA8F208B11A900E9BB60 /* propertyViewController.xib in Resources */,
				0AE02F571FF49AD8002B9A1E /* LLResetViewController.xib in Resources */,
				0AFB48E31FEBE5AB00B48012 /* LLCustomerServiceViewController.xib in Resources */,
				7731EA99208B15C100E9BB60 /* suggestViewController.xib in Resources */,
				0AE02F481FF3B662002B9A1E /* LLEnergyViewController.xib in Resources */,
				7731EA9D208B15EA00E9BB60 /* complaint ViewController.xib in Resources */,
				0AFB48F31FECA7BC00B48012 /* LLLoginViewController.xib in Resources */,
				0AE02F511FF4838B002B9A1E /* LLRegisterViewController.xib in Resources */,
				0AFB48EF1FEC98C800B48012 /* LLRootViewController.xib in Resources */,
				7731EAA7208B5AE900E9BB60 /* propertyCell.xib in Resources */,
				0AFB48E71FEBE5E100B48012 /* LLUserViewController.xib in Resources */,
			);
			runOnlyForDeploymentPostprocessing = 0;
		};
/* End PBXResourcesBuildPhase section */

/* Begin PBXShellScriptBuildPhase section */
		16D1CD54A6A9F3C6EBC8C8BD /* [CP] Copy Pods Resources */ = {
			isa = PBXShellScriptBuildPhase;
			buildActionMask = 2147483647;
			files = (
			);
			inputPaths = (
			);
			name = "[CP] Copy Pods Resources";
			outputPaths = (
			);
			runOnlyForDeploymentPostprocessing = 0;
			shellPath = /bin/sh;
			shellScript = "\"${SRCROOT}/Pods/Target Support Files/Pods-LLAPP/Pods-LLAPP-resources.sh\"\n";
			showEnvVarsInLog = 0;
		};
		39C0EB94121FF664C6910B40 /* [CP] Embed Pods Frameworks */ = {
			isa = PBXShellScriptBuildPhase;
			buildActionMask = 2147483647;
			files = (
			);
			inputPaths = (
				"${SRCROOT}/Pods/Target Support Files/Pods-LLAPP/Pods-LLAPP-frameworks.sh",
				"${BUILT_PRODUCTS_DIR}/AFNetworking/AFNetworking.framework",
				"${BUILT_PRODUCTS_DIR}/MBProgressHUD/MBProgressHUD.framework",
				"${BUILT_PRODUCTS_DIR}/SDWebImage/SDWebImage.framework",
				"${BUILT_PRODUCTS_DIR}/YYKit/YYKit.framework",
			);
			name = "[CP] Embed Pods Frameworks";
			outputPaths = (
				"${TARGET_BUILD_DIR}/${FRAMEWORKS_FOLDER_PATH}/AFNetworking.framework",
				"${TARGET_BUILD_DIR}/${FRAMEWORKS_FOLDER_PATH}/MBProgressHUD.framework",
				"${TARGET_BUILD_DIR}/${FRAMEWORKS_FOLDER_PATH}/SDWebImage.framework",
				"${TARGET_BUILD_DIR}/${FRAMEWORKS_FOLDER_PATH}/YYKit.framework",
			);
			runOnlyForDeploymentPostprocessing = 0;
			shellPath = /bin/sh;
			shellScript = "\"${SRCROOT}/Pods/Target Support Files/Pods-LLAPP/Pods-LLAPP-frameworks.sh\"\n";
			showEnvVarsInLog = 0;
		};
		BFC05E4D96CCE8371447BEF0 /* [CP] Check Pods Manifest.lock */ = {
			isa = PBXShellScriptBuildPhase;
			buildActionMask = 2147483647;
			files = (
			);
			inputPaths = (
				"${PODS_PODFILE_DIR_PATH}/Podfile.lock",
				"${PODS_ROOT}/Manifest.lock",
			);
			name = "[CP] Check Pods Manifest.lock";
			outputPaths = (
				"$(DERIVED_FILE_DIR)/Pods-LLAPP-checkManifestLockResult.txt",
			);
			runOnlyForDeploymentPostprocessing = 0;
			shellPath = /bin/sh;
			shellScript = "diff \"${PODS_PODFILE_DIR_PATH}/Podfile.lock\" \"${PODS_ROOT}/Manifest.lock\" > /dev/null\nif [ $? != 0 ] ; then\n    # print error to STDERR\n    echo \"error: The sandbox is not in sync with the Podfile.lock. Run 'pod install' or update your CocoaPods installation.\" >&2\n    exit 1\nfi\n# This output is used by Xcode 'outputs' to avoid re-running this script phase.\necho \"SUCCESS\" > \"${SCRIPT_OUTPUT_FILE_0}\"\n";
			showEnvVarsInLog = 0;
		};
/* End PBXShellScriptBuildPhase section */

/* Begin PBXSourcesBuildPhase section */
		0AFB48B21FEBE3DE00B48012 /* Sources */ = {
			isa = PBXSourcesBuildPhase;
			buildActionMask = 2147483647;
			files = (
				7731EAA6208B5AE900E9BB60 /* propertyCell.swift in Sources */,
				0AE02F561FF49AD8002B9A1E /* LLResetViewController.swift in Sources */,
				0AFB48E21FEBE5AB00B48012 /* LLCustomerServiceViewController.swift in Sources */,
				0AE02F471FF3B662002B9A1E /* LLEnergyViewController.swift in Sources */,
				0AE02F4B1FF3B670002B9A1E /* LLGasViewController.swift in Sources */,
				7731EA8E208B11A900E9BB60 /* propertyViewController.swift in Sources */,
				0AFB48DA1FEBE55000B48012 /* LLFilesViewController.swift in Sources */,
				0AFB48D61FEBE51C00B48012 /* LLMeasureViewController.swift in Sources */,
				7731EA9C208B15EA00E9BB60 /* complaint ViewController.swift in Sources */,
				0AFB48EE1FEC98C800B48012 /* LLRootViewController.swift in Sources */,
				0A2778DF200EF6D7002823A7 /* LLPayViewController.swift in Sources */,
				7731EA8B208B0ED800E9BB60 /* publicModel.swift in Sources */,
				0AFB48BC1FEBE3DF00B48012 /* ViewController.swift in Sources */,
				0A82730D1FECC29F00C70AE1 /* LLViewController.swift in Sources */,
				0AFB48DE1FEBE57400B48012 /* LLEquipmentViewController.swift in Sources */,
				0AFB48F21FECA7BC00B48012 /* LLLoginViewController.swift in Sources */,
				7731EAA2208B570800E9BB60 /* filesCellTableViewCell.swift in Sources */,
				0AE02F431FF3B653002B9A1E /* LLWaterViewController.swift in Sources */,
				0AFB48BA1FEBE3DE00B48012 /* AppDelegate.swift in Sources */,
				0AFB48E61FEBE5E100B48012 /* LLUserViewController.swift in Sources */,
				7731EA98208B15C100E9BB60 /* suggestViewController.swift in Sources */,
				0AE077FE203BC62D00AC1996 /* LLTableViewController.swift in Sources */,
				7731EA92208B12F600E9BB60 /* proprietorViewController.swift in Sources */,
				0AFB48EA1FEBE60400B48012 /* LLIdeaViewController.swift in Sources */,
				0AE02F501FF4838B002B9A1E /* LLRegisterViewController.swift in Sources */,
				7731EA85208B058200E9BB60 /* publicCell.swift in Sources */,
			);
			runOnlyForDeploymentPostprocessing = 0;
		};
/* End PBXSourcesBuildPhase section */

/* Begin PBXVariantGroup section */
		0AFB48BD1FEBE3DF00B48012 /* Main.storyboard */ = {
			isa = PBXVariantGroup;
			children = (
				0AFB48BE1FEBE3DF00B48012 /* Base */,
			);
			name = Main.storyboard;
			sourceTree = "<group>";
		};
		0AFB48C21FEBE3DF00B48012 /* LaunchScreen.storyboard */ = {
			isa = PBXVariantGroup;
			children = (
				0AFB48C31FEBE3DF00B48012 /* Base */,
			);
			name = LaunchScreen.storyboard;
			sourceTree = "<group>";
		};
/* End PBXVariantGroup section */

/* Begin XCBuildConfiguration section */
		0AFB48C61FEBE3DF00B48012 /* Debug */ = {
			isa = XCBuildConfiguration;
			buildSettings = {
				ALWAYS_SEARCH_USER_PATHS = NO;
				CLANG_ANALYZER_NONNULL = YES;
				CLANG_ANALYZER_NUMBER_OBJECT_CONVERSION = YES_AGGRESSIVE;
				CLANG_CXX_LANGUAGE_STANDARD = "gnu++14";
				CLANG_CXX_LIBRARY = "libc++";
				CLANG_ENABLE_MODULES = YES;
				CLANG_ENABLE_OBJC_ARC = YES;
				CLANG_WARN_BLOCK_CAPTURE_AUTORELEASING = YES;
				CLANG_WARN_BOOL_CONVERSION = YES;
				CLANG_WARN_COMMA = YES;
				CLANG_WARN_CONSTANT_CONVERSION = YES;
				CLANG_WARN_DIRECT_OBJC_ISA_USAGE = YES_ERROR;
				CLANG_WARN_DOCUMENTATION_COMMENTS = YES;
				CLANG_WARN_EMPTY_BODY = YES;
				CLANG_WARN_ENUM_CONVERSION = YES;
				CLANG_WARN_INFINITE_RECURSION = YES;
				CLANG_WARN_INT_CONVERSION = YES;
				CLANG_WARN_NON_LITERAL_NULL_CONVERSION = YES;
				CLANG_WARN_OBJC_LITERAL_CONVERSION = YES;
				CLANG_WARN_OBJC_ROOT_CLASS = YES_ERROR;
				CLANG_WARN_RANGE_LOOP_ANALYSIS = YES;
				CLANG_WARN_STRICT_PROTOTYPES = YES;
				CLANG_WARN_SUSPICIOUS_MOVE = YES;
				CLANG_WARN_UNGUARDED_AVAILABILITY = YES_AGGRESSIVE;
				CLANG_WARN_UNREACHABLE_CODE = YES;
				CLANG_WARN__DUPLICATE_METHOD_MATCH = YES;
				CODE_SIGN_IDENTITY = "iPhone Developer";
				COPY_PHASE_STRIP = NO;
				DEBUG_INFORMATION_FORMAT = dwarf;
				ENABLE_STRICT_OBJC_MSGSEND = YES;
				ENABLE_TESTABILITY = YES;
				GCC_C_LANGUAGE_STANDARD = gnu11;
				GCC_DYNAMIC_NO_PIC = NO;
				GCC_NO_COMMON_BLOCKS = YES;
				GCC_OPTIMIZATION_LEVEL = 0;
				GCC_PREPROCESSOR_DEFINITIONS = (
					"DEBUG=1",
					"$(inherited)",
				);
				GCC_WARN_64_TO_32_BIT_CONVERSION = YES;
				GCC_WARN_ABOUT_RETURN_TYPE = YES_ERROR;
				GCC_WARN_UNDECLARED_SELECTOR = YES;
				GCC_WARN_UNINITIALIZED_AUTOS = YES_AGGRESSIVE;
				GCC_WARN_UNUSED_FUNCTION = YES;
				GCC_WARN_UNUSED_VARIABLE = YES;
				IPHONEOS_DEPLOYMENT_TARGET = 11.2;
				MTL_ENABLE_DEBUG_INFO = YES;
				ONLY_ACTIVE_ARCH = YES;
				SDKROOT = iphoneos;
				SWIFT_ACTIVE_COMPILATION_CONDITIONS = DEBUG;
				SWIFT_OPTIMIZATION_LEVEL = "-Onone";
			};
			name = Debug;
		};
		0AFB48C71FEBE3DF00B48012 /* Release */ = {
			isa = XCBuildConfiguration;
			buildSettings = {
				ALWAYS_SEARCH_USER_PATHS = NO;
				CLANG_ANALYZER_NONNULL = YES;
				CLANG_ANALYZER_NUMBER_OBJECT_CONVERSION = YES_AGGRESSIVE;
				CLANG_CXX_LANGUAGE_STANDARD = "gnu++14";
				CLANG_CXX_LIBRARY = "libc++";
				CLANG_ENABLE_MODULES = YES;
				CLANG_ENABLE_OBJC_ARC = YES;
				CLANG_WARN_BLOCK_CAPTURE_AUTORELEASING = YES;
				CLANG_WARN_BOOL_CONVERSION = YES;
				CLANG_WARN_COMMA = YES;
				CLANG_WARN_CONSTANT_CONVERSION = YES;
				CLANG_WARN_DIRECT_OBJC_ISA_USAGE = YES_ERROR;
				CLANG_WARN_DOCUMENTATION_COMMENTS = YES;
				CLANG_WARN_EMPTY_BODY = YES;
				CLANG_WARN_ENUM_CONVERSION = YES;
				CLANG_WARN_INFINITE_RECURSION = YES;
				CLANG_WARN_INT_CONVERSION = YES;
				CLANG_WARN_NON_LITERAL_NULL_CONVERSION = YES;
				CLANG_WARN_OBJC_LITERAL_CONVERSION = YES;
				CLANG_WARN_OBJC_ROOT_CLASS = YES_ERROR;
				CLANG_WARN_RANGE_LOOP_ANALYSIS = YES;
				CLANG_WARN_STRICT_PROTOTYPES = YES;
				CLANG_WARN_SUSPICIOUS_MOVE = YES;
				CLANG_WARN_UNGUARDED_AVAILABILITY = YES_AGGRESSIVE;
				CLANG_WARN_UNREACHABLE_CODE = YES;
				CLANG_WARN__DUPLICATE_METHOD_MATCH = YES;
				CODE_SIGN_IDENTITY = "iPhone Developer";
				COPY_PHASE_STRIP = NO;
				DEBUG_INFORMATION_FORMAT = "dwarf-with-dsym";
				ENABLE_NS_ASSERTIONS = NO;
				ENABLE_STRICT_OBJC_MSGSEND = YES;
				GCC_C_LANGUAGE_STANDARD = gnu11;
				GCC_NO_COMMON_BLOCKS = YES;
				GCC_WARN_64_TO_32_BIT_CONVERSION = YES;
				GCC_WARN_ABOUT_RETURN_TYPE = YES_ERROR;
				GCC_WARN_UNDECLARED_SELECTOR = YES;
				GCC_WARN_UNINITIALIZED_AUTOS = YES_AGGRESSIVE;
				GCC_WARN_UNUSED_FUNCTION = YES;
				GCC_WARN_UNUSED_VARIABLE = YES;
				IPHONEOS_DEPLOYMENT_TARGET = 11.2;
				MTL_ENABLE_DEBUG_INFO = NO;
				SDKROOT = iphoneos;
				SWIFT_OPTIMIZATION_LEVEL = "-Owholemodule";
				VALIDATE_PRODUCT = YES;
			};
			name = Release;
		};
		0AFB48C91FEBE3DF00B48012 /* Debug */ = {
			isa = XCBuildConfiguration;
			baseConfigurationReference = A7E460BEBA23416222729BDB /* Pods-LLAPP.debug.xcconfig */;
			buildSettings = {
				ASSETCATALOG_COMPILER_APPICON_NAME = AppIcon;
				ASSETCATALOG_COMPILER_LAUNCHIMAGE_NAME = "LaunchImage-2";
				CODE_SIGN_STYLE = Automatic;
				DEVELOPMENT_TEAM = KX44462UVE;
				INFOPLIST_FILE = LLAPP/Info.plist;
				LD_RUNPATH_SEARCH_PATHS = "$(inherited) @executable_path/Frameworks";
				PRODUCT_BUNDLE_IDENTIFIER = com.lingyongqian.LLAPP;
				PRODUCT_NAME = "$(TARGET_NAME)";
				SWIFT_VERSION = 4.0;
				TARGETED_DEVICE_FAMILY = "1,2";
			};
			name = Debug;
		};
		0AFB48CA1FEBE3DF00B48012 /* Release */ = {
			isa = XCBuildConfiguration;
			baseConfigurationReference = 9EE3386BF31C7888A26CF342 /* Pods-LLAPP.release.xcconfig */;
			buildSettings = {
				ASSETCATALOG_COMPILER_APPICON_NAME = AppIcon;
				ASSETCATALOG_COMPILER_LAUNCHIMAGE_NAME = "LaunchImage-2";
				CODE_SIGN_STYLE = Automatic;
				DEVELOPMENT_TEAM = KX44462UVE;
				INFOPLIST_FILE = LLAPP/Info.plist;
				LD_RUNPATH_SEARCH_PATHS = "$(inherited) @executable_path/Frameworks";
				PRODUCT_BUNDLE_IDENTIFIER = com.lingyongqian.LLAPP;
				PRODUCT_NAME = "$(TARGET_NAME)";
				SWIFT_VERSION = 4.0;
				TARGETED_DEVICE_FAMILY = "1,2";
			};
			name = Release;
		};
/* End XCBuildConfiguration section */

/* Begin XCConfigurationList section */
		0AFB48B11FEBE3DE00B48012 /* Build configuration list for PBXProject "LLAPP" */ = {
			isa = XCConfigurationList;
			buildConfigurations = (
				0AFB48C61FEBE3DF00B48012 /* Debug */,
				0AFB48C71FEBE3DF00B48012 /* Release */,
			);
			defaultConfigurationIsVisible = 0;
			defaultConfigurationName = Release;
		};
		0AFB48C81FEBE3DF00B48012 /* Build configuration list for PBXNativeTarget "LLAPP" */ = {
			isa = XCConfigurationList;
			buildConfigurations = (
				0AFB48C91FEBE3DF00B48012 /* Debug */,
				0AFB48CA1FEBE3DF00B48012 /* Release */,
			);
			defaultConfigurationIsVisible = 0;
			defaultConfigurationName = Release;
		};
/* End XCConfigurationList section */
	};
	rootObject = 0AFB48AE1FEBE3DE00B48012 /* Project object */;
}
